// !$*UTF8*$!
{
	archiveVersion = 1;
	classes = {
	};
	objectVersion = 46;
	objects = {

/* Begin PBXBuildFile section */
		D07E2B6B14381103001F833C /* ic_launch.png in Resources */ = {isa = PBXBuildFile; fileRef = D07E2B6A14381103001F833C /* ic_launch.png */; };
		D07E2B7B143811B9001F833C /* CustomTabBar.m in Sources */ = {isa = PBXBuildFile; fileRef = D07E2B73143811B9001F833C /* CustomTabBar.m */; };
		D07E2B7C143811B9001F833C /* CustomTabBarController.m in Sources */ = {isa = PBXBuildFile; fileRef = D07E2B75143811B9001F833C /* CustomTabBarController.m */; };
		D07E2B7D143811B9001F833C /* CustomTabBarItem.m in Sources */ = {isa = PBXBuildFile; fileRef = D07E2B79143811B9001F833C /* CustomTabBarItem.m */; };
		D07E2B8114381271001F833C /* SDViewController.m in Sources */ = {isa = PBXBuildFile; fileRef = D07E2B7F14381271001F833C /* SDViewController.m */; };
		D07E2B8214381271001F833C /* SDViewController.xib in Resources */ = {isa = PBXBuildFile; fileRef = D07E2B8014381271001F833C /* SDViewController.xib */; };
		D07E2B87143812DE001F833C /* IONViewController.m in Sources */ = {isa = PBXBuildFile; fileRef = D07E2B85143812DE001F833C /* IONViewController.m */; };
		D07E2B88143812DE001F833C /* IONViewController.xib in Resources */ = {isa = PBXBuildFile; fileRef = D07E2B86143812DE001F833C /* IONViewController.xib */; };
		D07E2B8C14381315001F833C /* RemoteViewController.m in Sources */ = {isa = PBXBuildFile; fileRef = D07E2B8A14381315001F833C /* RemoteViewController.m */; };
		D07E2B8D14381315001F833C /* RemoteViewController.xib in Resources */ = {isa = PBXBuildFile; fileRef = D07E2B8B14381315001F833C /* RemoteViewController.xib */; };
		D07E2B9114381355001F833C /* SettingViewController.m in Sources */ = {isa = PBXBuildFile; fileRef = D07E2B8F14381355001F833C /* SettingViewController.m */; };
		D07E2B9214381355001F833C /* SettingViewController.xib in Resources */ = {isa = PBXBuildFile; fileRef = D07E2B9014381355001F833C /* SettingViewController.xib */; };
		D07E2BA114381564001F833C /* tab_1_selected.png in Resources */ = {isa = PBXBuildFile; fileRef = D07E2B9714381564001F833C /* tab_1_selected.png */; };
		D07E2BA214381564001F833C /* tab_1.png in Resources */ = {isa = PBXBuildFile; fileRef = D07E2B9814381564001F833C /* tab_1.png */; };
		D07E2BA314381564001F833C /* tab_2_selected.png in Resources */ = {isa = PBXBuildFile; fileRef = D07E2B9914381564001F833C /* tab_2_selected.png */; };
		D07E2BA414381564001F833C /* tab_2.png in Resources */ = {isa = PBXBuildFile; fileRef = D07E2B9A14381564001F833C /* tab_2.png */; };
		D07E2BA514381564001F833C /* tab_3_selected.png in Resources */ = {isa = PBXBuildFile; fileRef = D07E2B9B14381564001F833C /* tab_3_selected.png */; };
		D07E2BA614381564001F833C /* tab_3.png in Resources */ = {isa = PBXBuildFile; fileRef = D07E2B9C14381564001F833C /* tab_3.png */; };
		D07E2BA714381564001F833C /* tab_4_selected.png in Resources */ = {isa = PBXBuildFile; fileRef = D07E2B9D14381564001F833C /* tab_4_selected.png */; };
		D07E2BA814381564001F833C /* tab_4.png in Resources */ = {isa = PBXBuildFile; fileRef = D07E2B9E14381564001F833C /* tab_4.png */; };
		D07E2BA914381564001F833C /* tab_background.png in Resources */ = {isa = PBXBuildFile; fileRef = D07E2B9F14381564001F833C /* tab_background.png */; };
		D07E2BAA14381564001F833C /* tab_background@2x.png in Resources */ = {isa = PBXBuildFile; fileRef = D07E2BA014381564001F833C /* tab_background@2x.png */; };
		D07E2BB014383FD9001F833C /* SD_icon.png in Resources */ = {isa = PBXBuildFile; fileRef = D07E2BAF14383FD9001F833C /* SD_icon.png */; };
		D07E2BB414384B97001F833C /* button_bg.png in Resources */ = {isa = PBXBuildFile; fileRef = D07E2BB314384B97001F833C /* button_bg.png */; };
		D07E2BB614384C2A001F833C /* button_selected_bg.png in Resources */ = {isa = PBXBuildFile; fileRef = D07E2BB514384C2A001F833C /* button_selected_bg.png */; };
		D07E2BC3143855C9001F833C /* Setting_icon.png in Resources */ = {isa = PBXBuildFile; fileRef = D07E2BBF143855C6001F833C /* Setting_icon.png */; };
		D07E2BC4143855C9001F833C /* ION_icon.png in Resources */ = {isa = PBXBuildFile; fileRef = D07E2BC0143855C7001F833C /* ION_icon.png */; };
		D07E2BC5143855C9001F833C /* ION_icon2.png in Resources */ = {isa = PBXBuildFile; fileRef = D07E2BC1143855C7001F833C /* ION_icon2.png */; };
		D07E2BC814385669001F833C /* Remote_icon.png in Resources */ = {isa = PBXBuildFile; fileRef = D07E2BC714385668001F833C /* Remote_icon.png */; };
		D07E2BD114386020001F833C /* Trash_icon.png in Resources */ = {isa = PBXBuildFile; fileRef = D07E2BD014386020001F833C /* Trash_icon.png */; };
		D07E2BD5143860DB001F833C /* Share_icon.png in Resources */ = {isa = PBXBuildFile; fileRef = D07E2BD4143860DB001F833C /* Share_icon.png */; };
		D07E2BDC14386DFB001F833C /* prefViewController.m in Sources */ = {isa = PBXBuildFile; fileRef = D07E2BDA14386DFA001F833C /* prefViewController.m */; };
		D07E2BDE14386E09001F833C /* prefViewController.xib in Resources */ = {isa = PBXBuildFile; fileRef = D07E2BDD14386E09001F833C /* prefViewController.xib */; };
		D07E2BE214387A86001F833C /* libsqlite3.dylib in Frameworks */ = {isa = PBXBuildFile; fileRef = D07E2BE114387A85001F833C /* libsqlite3.dylib */; };
		D082B32014380E5500612579 /* UIKit.framework in Frameworks */ = {isa = PBXBuildFile; fileRef = D082B31F14380E5500612579 /* UIKit.framework */; };
		D082B32214380E5500612579 /* Foundation.framework in Frameworks */ = {isa = PBXBuildFile; fileRef = D082B32114380E5500612579 /* Foundation.framework */; };
		D082B32414380E5500612579 /* CoreGraphics.framework in Frameworks */ = {isa = PBXBuildFile; fileRef = D082B32314380E5500612579 /* CoreGraphics.framework */; };
		D082B32A14380E5500612579 /* InfoPlist.strings in Resources */ = {isa = PBXBuildFile; fileRef = D082B32814380E5500612579 /* InfoPlist.strings */; };
		D082B32C14380E5500612579 /* main.m in Sources */ = {isa = PBXBuildFile; fileRef = D082B32B14380E5500612579 /* main.m */; };
		D082B33014380E5500612579 /* iONAppDelegate.m in Sources */ = {isa = PBXBuildFile; fileRef = D082B32F14380E5500612579 /* iONAppDelegate.m */; };
		D082B33314380E5500612579 /* MainWindow.xib in Resources */ = {isa = PBXBuildFile; fileRef = D082B33114380E5500612579 /* MainWindow.xib */; };
		D082B33B14380E5600612579 /* SenTestingKit.framework in Frameworks */ = {isa = PBXBuildFile; fileRef = D082B33A14380E5600612579 /* SenTestingKit.framework */; };
		D082B33C14380E5600612579 /* UIKit.framework in Frameworks */ = {isa = PBXBuildFile; fileRef = D082B31F14380E5500612579 /* UIKit.framework */; };
		D082B33D14380E5600612579 /* Foundation.framework in Frameworks */ = {isa = PBXBuildFile; fileRef = D082B32114380E5500612579 /* Foundation.framework */; };
		D082B33E14380E5600612579 /* CoreGraphics.framework in Frameworks */ = {isa = PBXBuildFile; fileRef = D082B32314380E5500612579 /* CoreGraphics.framework */; };
		D082B34614380E5600612579 /* InfoPlist.strings in Resources */ = {isa = PBXBuildFile; fileRef = D082B34414380E5600612579 /* InfoPlist.strings */; };
		D082B34814380E5600612579 /* iONTests.h in Resources */ = {isa = PBXBuildFile; fileRef = D082B34714380E5600612579 /* iONTests.h */; };
		D082B34A14380E5600612579 /* iONTests.m in Sources */ = {isa = PBXBuildFile; fileRef = D082B34914380E5600612579 /* iONTests.m */; };
		D082B35614380E9700612579 /* icon.png in Resources */ = {isa = PBXBuildFile; fileRef = D082B35514380E9700612579 /* icon.png */; };
/* End PBXBuildFile section */

/* Begin PBXContainerItemProxy section */
		D082B33F14380E5600612579 /* PBXContainerItemProxy */ = {
			isa = PBXContainerItemProxy;
			containerPortal = D082B31214380E5500612579 /* Project object */;
			proxyType = 1;
			remoteGlobalIDString = D082B31A14380E5500612579;
			remoteInfo = iON;
		};
/* End PBXContainerItemProxy section */

/* Begin PBXFileReference section */
		D07E2B6A14381103001F833C /* ic_launch.png */ = {isa = PBXFileReference; lastKnownFileType = image.png; path = ic_launch.png; sourceTree = "<group>"; };
		D07E2B72143811B9001F833C /* CustomTabBar.h */ = {isa = PBXFileReference; fileEncoding = 4; lastKnownFileType = sourcecode.c.h; path = CustomTabBar.h; sourceTree = "<group>"; };
		D07E2B73143811B9001F833C /* CustomTabBar.m */ = {isa = PBXFileReference; fileEncoding = 4; lastKnownFileType = sourcecode.c.objc; path = CustomTabBar.m; sourceTree = "<group>"; };
		D07E2B74143811B9001F833C /* CustomTabBarController.h */ = {isa = PBXFileReference; fileEncoding = 4; lastKnownFileType = sourcecode.c.h; path = CustomTabBarController.h; sourceTree = "<group>"; };
		D07E2B75143811B9001F833C /* CustomTabBarController.m */ = {isa = PBXFileReference; fileEncoding = 4; lastKnownFileType = sourcecode.c.objc; path = CustomTabBarController.m; sourceTree = "<group>"; };
		D07E2B76143811B9001F833C /* CustomTabBarControllerDelegate.h */ = {isa = PBXFileReference; fileEncoding = 4; lastKnownFileType = sourcecode.c.h; path = CustomTabBarControllerDelegate.h; sourceTree = "<group>"; };
		D07E2B77143811B9001F833C /* CustomTabBarDelegate.h */ = {isa = PBXFileReference; fileEncoding = 4; lastKnownFileType = sourcecode.c.h; path = CustomTabBarDelegate.h; sourceTree = "<group>"; };
		D07E2B78143811B9001F833C /* CustomTabBarItem.h */ = {isa = PBXFileReference; fileEncoding = 4; lastKnownFileType = sourcecode.c.h; path = CustomTabBarItem.h; sourceTree = "<group>"; };
		D07E2B79143811B9001F833C /* CustomTabBarItem.m */ = {isa = PBXFileReference; fileEncoding = 4; lastKnownFileType = sourcecode.c.objc; path = CustomTabBarItem.m; sourceTree = "<group>"; };
		D07E2B7A143811B9001F833C /* CustomTabBarItemDelegate.h */ = {isa = PBXFileReference; fileEncoding = 4; lastKnownFileType = sourcecode.c.h; path = CustomTabBarItemDelegate.h; sourceTree = "<group>"; };
		D07E2B7E14381271001F833C /* SDViewController.h */ = {isa = PBXFileReference; fileEncoding = 4; lastKnownFileType = sourcecode.c.h; path = SDViewController.h; sourceTree = "<group>"; };
		D07E2B7F14381271001F833C /* SDViewController.m */ = {isa = PBXFileReference; fileEncoding = 4; lastKnownFileType = sourcecode.c.objc; path = SDViewController.m; sourceTree = "<group>"; };
		D07E2B8014381271001F833C /* SDViewController.xib */ = {isa = PBXFileReference; fileEncoding = 4; lastKnownFileType = file.xib; path = SDViewController.xib; sourceTree = "<group>"; };
		D07E2B84143812DE001F833C /* IONViewController.h */ = {isa = PBXFileReference; fileEncoding = 4; lastKnownFileType = sourcecode.c.h; path = IONViewController.h; sourceTree = "<group>"; };
		D07E2B85143812DE001F833C /* IONViewController.m */ = {isa = PBXFileReference; fileEncoding = 4; lastKnownFileType = sourcecode.c.objc; path = IONViewController.m; sourceTree = "<group>"; };
		D07E2B86143812DE001F833C /* IONViewController.xib */ = {isa = PBXFileReference; fileEncoding = 4; lastKnownFileType = file.xib; path = IONViewController.xib; sourceTree = "<group>"; };
		D07E2B8914381315001F833C /* RemoteViewController.h */ = {isa = PBXFileReference; fileEncoding = 4; lastKnownFileType = sourcecode.c.h; path = RemoteViewController.h; sourceTree = "<group>"; };
		D07E2B8A14381315001F833C /* RemoteViewController.m */ = {isa = PBXFileReference; fileEncoding = 4; lastKnownFileType = sourcecode.c.objc; path = RemoteViewController.m; sourceTree = "<group>"; };
		D07E2B8B14381315001F833C /* RemoteViewController.xib */ = {isa = PBXFileReference; fileEncoding = 4; lastKnownFileType = file.xib; path = RemoteViewController.xib; sourceTree = "<group>"; };
		D07E2B8E14381355001F833C /* SettingViewController.h */ = {isa = PBXFileReference; fileEncoding = 4; lastKnownFileType = sourcecode.c.h; path = SettingViewController.h; sourceTree = "<group>"; };
		D07E2B8F14381355001F833C /* SettingViewController.m */ = {isa = PBXFileReference; fileEncoding = 4; lastKnownFileType = sourcecode.c.objc; path = SettingViewController.m; sourceTree = "<group>"; };
		D07E2B9014381355001F833C /* SettingViewController.xib */ = {isa = PBXFileReference; fileEncoding = 4; lastKnownFileType = file.xib; path = SettingViewController.xib; sourceTree = "<group>"; };
		D07E2B9714381564001F833C /* tab_1_selected.png */ = {isa = PBXFileReference; lastKnownFileType = image.png; path = tab_1_selected.png; sourceTree = "<group>"; };
		D07E2B9814381564001F833C /* tab_1.png */ = {isa = PBXFileReference; lastKnownFileType = image.png; path = tab_1.png; sourceTree = "<group>"; };
		D07E2B9914381564001F833C /* tab_2_selected.png */ = {isa = PBXFileReference; lastKnownFileType = image.png; path = tab_2_selected.png; sourceTree = "<group>"; };
		D07E2B9A14381564001F833C /* tab_2.png */ = {isa = PBXFileReference; lastKnownFileType = image.png; path = tab_2.png; sourceTree = "<group>"; };
		D07E2B9B14381564001F833C /* tab_3_selected.png */ = {isa = PBXFileReference; lastKnownFileType = image.png; path = tab_3_selected.png; sourceTree = "<group>"; };
		D07E2B9C14381564001F833C /* tab_3.png */ = {isa = PBXFileReference; lastKnownFileType = image.png; path = tab_3.png; sourceTree = "<group>"; };
		D07E2B9D14381564001F833C /* tab_4_selected.png */ = {isa = PBXFileReference; lastKnownFileType = image.png; path = tab_4_selected.png; sourceTree = "<group>"; };
		D07E2B9E14381564001F833C /* tab_4.png */ = {isa = PBXFileReference; lastKnownFileType = image.png; path = tab_4.png; sourceTree = "<group>"; };
		D07E2B9F14381564001F833C /* tab_background.png */ = {isa = PBXFileReference; lastKnownFileType = image.png; path = tab_background.png; sourceTree = "<group>"; };
		D07E2BA014381564001F833C /* tab_background@2x.png */ = {isa = PBXFileReference; lastKnownFileType = image.png; path = "tab_background@2x.png"; sourceTree = "<group>"; };
		D07E2BAF14383FD9001F833C /* SD_icon.png */ = {isa = PBXFileReference; lastKnownFileType = image.png; path = SD_icon.png; sourceTree = "<group>"; };
		D07E2BB314384B97001F833C /* button_bg.png */ = {isa = PBXFileReference; lastKnownFileType = image.png; path = button_bg.png; sourceTree = "<group>"; };
		D07E2BB514384C2A001F833C /* button_selected_bg.png */ = {isa = PBXFileReference; lastKnownFileType = image.png; path = button_selected_bg.png; sourceTree = "<group>"; };
		D07E2BBF143855C6001F833C /* Setting_icon.png */ = {isa = PBXFileReference; lastKnownFileType = image.png; path = Setting_icon.png; sourceTree = "<group>"; };
		D07E2BC0143855C7001F833C /* ION_icon.png */ = {isa = PBXFileReference; lastKnownFileType = image.png; path = ION_icon.png; sourceTree = "<group>"; };
		D07E2BC1143855C7001F833C /* ION_icon2.png */ = {isa = PBXFileReference; lastKnownFileType = image.png; path = ION_icon2.png; sourceTree = "<group>"; };
		D07E2BC714385668001F833C /* Remote_icon.png */ = {isa = PBXFileReference; lastKnownFileType = image.png; path = Remote_icon.png; sourceTree = "<group>"; };
		D07E2BD014386020001F833C /* Trash_icon.png */ = {isa = PBXFileReference; lastKnownFileType = image.png; path = Trash_icon.png; sourceTree = "<group>"; };
		D07E2BD4143860DB001F833C /* Share_icon.png */ = {isa = PBXFileReference; lastKnownFileType = image.png; path = Share_icon.png; sourceTree = "<group>"; };
		D07E2BDA14386DFA001F833C /* prefViewController.m */ = {isa = PBXFileReference; fileEncoding = 4; lastKnownFileType = sourcecode.c.objc; path = prefViewController.m; sourceTree = "<group>"; };
		D07E2BDB14386DFB001F833C /* prefViewController.h */ = {isa = PBXFileReference; fileEncoding = 4; lastKnownFileType = sourcecode.c.h; path = prefViewController.h; sourceTree = "<group>"; };
		D07E2BDD14386E09001F833C /* prefViewController.xib */ = {isa = PBXFileReference; fileEncoding = 4; lastKnownFileType = file.xib; path = prefViewController.xib; sourceTree = "<group>"; };
		D07E2BE114387A85001F833C /* libsqlite3.dylib */ = {isa = PBXFileReference; lastKnownFileType = "compiled.mach-o.dylib"; name = libsqlite3.dylib; path = usr/lib/libsqlite3.dylib; sourceTree = SDKROOT; };
		D082B31B14380E5500612579 /* iON.app */ = {isa = PBXFileReference; explicitFileType = wrapper.application; includeInIndex = 0; path = iON.app; sourceTree = BUILT_PRODUCTS_DIR; };
		D082B31F14380E5500612579 /* UIKit.framework */ = {isa = PBXFileReference; lastKnownFileType = wrapper.framework; name = UIKit.framework; path = System/Library/Frameworks/UIKit.framework; sourceTree = SDKROOT; };
		D082B32114380E5500612579 /* Foundation.framework */ = {isa = PBXFileReference; lastKnownFileType = wrapper.framework; name = Foundation.framework; path = System/Library/Frameworks/Foundation.framework; sourceTree = SDKROOT; };
		D082B32314380E5500612579 /* CoreGraphics.framework */ = {isa = PBXFileReference; lastKnownFileType = wrapper.framework; name = CoreGraphics.framework; path = System/Library/Frameworks/CoreGraphics.framework; sourceTree = SDKROOT; };
		D082B32714380E5500612579 /* iON-Info.plist */ = {isa = PBXFileReference; lastKnownFileType = text.plist.xml; path = "iON-Info.plist"; sourceTree = "<group>"; };
		D082B32914380E5500612579 /* en */ = {isa = PBXFileReference; lastKnownFileType = text.plist.strings; name = en; path = en.lproj/InfoPlist.strings; sourceTree = "<group>"; };
		D082B32B14380E5500612579 /* main.m */ = {isa = PBXFileReference; lastKnownFileType = sourcecode.c.objc; path = main.m; sourceTree = "<group>"; };
		D082B32D14380E5500612579 /* iON-Prefix.pch */ = {isa = PBXFileReference; lastKnownFileType = sourcecode.c.h; path = "iON-Prefix.pch"; sourceTree = "<group>"; };
		D082B32E14380E5500612579 /* iONAppDelegate.h */ = {isa = PBXFileReference; lastKnownFileType = sourcecode.c.h; path = iONAppDelegate.h; sourceTree = "<group>"; };
		D082B32F14380E5500612579 /* iONAppDelegate.m */ = {isa = PBXFileReference; lastKnownFileType = sourcecode.c.objc; path = iONAppDelegate.m; sourceTree = "<group>"; };
		D082B33214380E5500612579 /* en */ = {isa = PBXFileReference; lastKnownFileType = file.xib; name = en; path = en.lproj/MainWindow.xib; sourceTree = "<group>"; };
		D082B33914380E5600612579 /* iONTests.octest */ = {isa = PBXFileReference; explicitFileType = wrapper.cfbundle; includeInIndex = 0; path = iONTests.octest; sourceTree = BUILT_PRODUCTS_DIR; };
		D082B33A14380E5600612579 /* SenTestingKit.framework */ = {isa = PBXFileReference; lastKnownFileType = wrapper.framework; name = SenTestingKit.framework; path = Library/Frameworks/SenTestingKit.framework; sourceTree = DEVELOPER_DIR; };
		D082B34314380E5600612579 /* iONTests-Info.plist */ = {isa = PBXFileReference; lastKnownFileType = text.plist.xml; path = "iONTests-Info.plist"; sourceTree = "<group>"; };
		D082B34514380E5600612579 /* en */ = {isa = PBXFileReference; lastKnownFileType = text.plist.strings; name = en; path = en.lproj/InfoPlist.strings; sourceTree = "<group>"; };
		D082B34714380E5600612579 /* iONTests.h */ = {isa = PBXFileReference; lastKnownFileType = sourcecode.c.h; path = iONTests.h; sourceTree = "<group>"; };
		D082B34914380E5600612579 /* iONTests.m */ = {isa = PBXFileReference; lastKnownFileType = sourcecode.c.objc; path = iONTests.m; sourceTree = "<group>"; };
		D082B35514380E9700612579 /* icon.png */ = {isa = PBXFileReference; lastKnownFileType = image.png; path = icon.png; sourceTree = "<group>"; };
/* End PBXFileReference section */

/* Begin PBXFrameworksBuildPhase section */
		D082B31814380E5500612579 /* Frameworks */ = {
			isa = PBXFrameworksBuildPhase;
			buildActionMask = 2147483647;
			files = (
				D07E2BE214387A86001F833C /* libsqlite3.dylib in Frameworks */,
				D082B32014380E5500612579 /* UIKit.framework in Frameworks */,
				D082B32214380E5500612579 /* Foundation.framework in Frameworks */,
				D082B32414380E5500612579 /* CoreGraphics.framework in Frameworks */,
			);
			runOnlyForDeploymentPostprocessing = 0;
		};
		D082B33514380E5600612579 /* Frameworks */ = {
			isa = PBXFrameworksBuildPhase;
			buildActionMask = 2147483647;
			files = (
				D082B33B14380E5600612579 /* SenTestingKit.framework in Frameworks */,
				D082B33C14380E5600612579 /* UIKit.framework in Frameworks */,
				D082B33D14380E5600612579 /* Foundation.framework in Frameworks */,
				D082B33E14380E5600612579 /* CoreGraphics.framework in Frameworks */,
			);
			runOnlyForDeploymentPostprocessing = 0;
		};
/* End PBXFrameworksBuildPhase section */

/* Begin PBXGroup section */
		D07E2B711438114C001F833C /* CustomTabBar */ = {
			isa = PBXGroup;
			children = (
				D07E2B72143811B9001F833C /* CustomTabBar.h */,
				D07E2B73143811B9001F833C /* CustomTabBar.m */,
				D07E2B74143811B9001F833C /* CustomTabBarController.h */,
				D07E2B75143811B9001F833C /* CustomTabBarController.m */,
				D07E2B76143811B9001F833C /* CustomTabBarControllerDelegate.h */,
				D07E2B77143811B9001F833C /* CustomTabBarDelegate.h */,
				D07E2B78143811B9001F833C /* CustomTabBarItem.h */,
				D07E2B79143811B9001F833C /* CustomTabBarItem.m */,
				D07E2B7A143811B9001F833C /* CustomTabBarItemDelegate.h */,
			);
			name = CustomTabBar;
			sourceTree = "<group>";
		};
		D07E2B8314381286001F833C /* Viewcontrollers */ = {
			isa = PBXGroup;
			children = (
				D07E2B7E14381271001F833C /* SDViewController.h */,
				D07E2B7F14381271001F833C /* SDViewController.m */,
				D07E2B84143812DE001F833C /* IONViewController.h */,
				D07E2B85143812DE001F833C /* IONViewController.m */,
				D07E2B8914381315001F833C /* RemoteViewController.h */,
				D07E2BDA14386DFA001F833C /* prefViewController.m */,
				D07E2BDB14386DFB001F833C /* prefViewController.h */,
				D07E2B8A14381315001F833C /* RemoteViewController.m */,
				D07E2B8E14381355001F833C /* SettingViewController.h */,
				D07E2B8F14381355001F833C /* SettingViewController.m */,
			);
			name = Viewcontrollers;
			sourceTree = "<group>";
		};
		D07E2B93143813B1001F833C /* Resources */ = {
			isa = PBXGroup;
			children = (
				D07E2B94143813D7001F833C /* Nibs */,
				D082B35414380E7400612579 /* Images */,
			);
			name = Resources;
			sourceTree = "<group>";
		};
		D07E2B94143813D7001F833C /* Nibs */ = {
			isa = PBXGroup;
			children = (
				D07E2B8014381271001F833C /* SDViewController.xib */,
				D07E2B86143812DE001F833C /* IONViewController.xib */,
				D07E2BDD14386E09001F833C /* prefViewController.xib */,
				D082B33114380E5500612579 /* MainWindow.xib */,
				D07E2B8B14381315001F833C /* RemoteViewController.xib */,
				D07E2B9014381355001F833C /* SettingViewController.xib */,
			);
			name = Nibs;
			sourceTree = "<group>";
		};
		D07E2B9514381510001F833C /* System */ = {
			isa = PBXGroup;
			children = (
				D07E2B6A14381103001F833C /* ic_launch.png */,
				D082B35514380E9700612579 /* icon.png */,
			);
			name = System;
			sourceTree = "<group>";
		};
		D07E2B961438151C001F833C /* TabBarItem */ = {
			isa = PBXGroup;
			children = (
				D07E2BCB14385B43001F833C /* old */,
				D07E2BAF14383FD9001F833C /* SD_icon.png */,
				D07E2BB514384C2A001F833C /* button_selected_bg.png */,
				D07E2BBF143855C6001F833C /* Setting_icon.png */,
				D07E2BC714385668001F833C /* Remote_icon.png */,
				D07E2BC0143855C7001F833C /* ION_icon.png */,
				D07E2BD014386020001F833C /* Trash_icon.png */,
				D07E2BD4143860DB001F833C /* Share_icon.png */,
				D07E2BC1143855C7001F833C /* ION_icon2.png */,
				D07E2BB314384B97001F833C /* button_bg.png */,
				D07E2B9F14381564001F833C /* tab_background.png */,
				D07E2BA014381564001F833C /* tab_background@2x.png */,
			);
			name = TabBarItem;
			sourceTree = "<group>";
		};
		D07E2BCB14385B43001F833C /* old */ = {
			isa = PBXGroup;
			children = (
				D07E2B9914381564001F833C /* tab_2_selected.png */,
				D07E2B9A14381564001F833C /* tab_2.png */,
				D07E2B9B14381564001F833C /* tab_3_selected.png */,
				D07E2B9C14381564001F833C /* tab_3.png */,
				D07E2B9D14381564001F833C /* tab_4_selected.png */,
				D07E2B9E14381564001F833C /* tab_4.png */,
				D07E2B9814381564001F833C /* tab_1.png */,
				D07E2B9714381564001F833C /* tab_1_selected.png */,
			);
			name = old;
			sourceTree = "<group>";
		};
		D082B31014380E5500612579 = {
			isa = PBXGroup;
			children = (
				D082B32514380E5500612579 /* iON */,
				D082B34114380E5600612579 /* iONTests */,
				D082B31E14380E5500612579 /* Frameworks */,
				D082B31C14380E5500612579 /* Products */,
			);
			sourceTree = "<group>";
		};
		D082B31C14380E5500612579 /* Products */ = {
			isa = PBXGroup;
			children = (
				D082B31B14380E5500612579 /* iON.app */,
				D082B33914380E5600612579 /* iONTests.octest */,
			);
			name = Products;
			sourceTree = "<group>";
		};
		D082B31E14380E5500612579 /* Frameworks */ = {
			isa = PBXGroup;
			children = (
				D07E2BE114387A85001F833C /* libsqlite3.dylib */,
				D082B31F14380E5500612579 /* UIKit.framework */,
				D082B32114380E5500612579 /* Foundation.framework */,
				D082B32314380E5500612579 /* CoreGraphics.framework */,
				D082B33A14380E5600612579 /* SenTestingKit.framework */,
			);
			name = Frameworks;
			sourceTree = "<group>";
		};
		D082B32514380E5500612579 /* iON */ = {
			isa = PBXGroup;
			children = (
				D07E2B93143813B1001F833C /* Resources */,
				D07E2B8314381286001F833C /* Viewcontrollers */,
				D07E2B711438114C001F833C /* CustomTabBar */,
				D082B32E14380E5500612579 /* iONAppDelegate.h */,
				D082B32F14380E5500612579 /* iONAppDelegate.m */,
				D082B32614380E5500612579 /* Supporting Files */,
			);
			path = iON;
			sourceTree = "<group>";
		};
		D082B32614380E5500612579 /* Supporting Files */ = {
			isa = PBXGroup;
			children = (
				D082B32714380E5500612579 /* iON-Info.plist */,
				D082B32814380E5500612579 /* InfoPlist.strings */,
				D082B32B14380E5500612579 /* main.m */,
				D082B32D14380E5500612579 /* iON-Prefix.pch */,
			);
			name = "Supporting Files";
			sourceTree = "<group>";
		};
		D082B34114380E5600612579 /* iONTests */ = {
			isa = PBXGroup;
			children = (
				D082B34714380E5600612579 /* iONTests.h */,
				D082B34914380E5600612579 /* iONTests.m */,
				D082B34214380E5600612579 /* Supporting Files */,
			);
			path = iONTests;
			sourceTree = "<group>";
		};
		D082B34214380E5600612579 /* Supporting Files */ = {
			isa = PBXGroup;
			children = (
				D082B34314380E5600612579 /* iONTests-Info.plist */,
				D082B34414380E5600612579 /* InfoPlist.strings */,
			);
			name = "Supporting Files";
			sourceTree = "<group>";
		};
		D082B35414380E7400612579 /* Images */ = {
			isa = PBXGroup;
			children = (
				D07E2B961438151C001F833C /* TabBarItem */,
				D07E2B9514381510001F833C /* System */,
			);
			name = Images;
			sourceTree = "<group>";
		};
/* End PBXGroup section */

/* Begin PBXNativeTarget section */
		D082B31A14380E5500612579 /* iON */ = {
			isa = PBXNativeTarget;
			buildConfigurationList = D082B34D14380E5600612579 /* Build configuration list for PBXNativeTarget "iON" */;
			buildPhases = (
				D082B31714380E5500612579 /* Sources */,
				D082B31814380E5500612579 /* Frameworks */,
				D082B31914380E5500612579 /* Resources */,
			);
			buildRules = (
			);
			dependencies = (
			);
			name = iON;
			productName = iON;
			productReference = D082B31B14380E5500612579 /* iON.app */;
			productType = "com.apple.product-type.application";
		};
		D082B33814380E5600612579 /* iONTests */ = {
			isa = PBXNativeTarget;
			buildConfigurationList = D082B35014380E5600612579 /* Build configuration list for PBXNativeTarget "iONTests" */;
			buildPhases = (
				D082B33414380E5600612579 /* Sources */,
				D082B33514380E5600612579 /* Frameworks */,
				D082B33614380E5600612579 /* Resources */,
				D082B33714380E5600612579 /* ShellScript */,
			);
			buildRules = (
			);
			dependencies = (
				D082B34014380E5600612579 /* PBXTargetDependency */,
			);
			name = iONTests;
			productName = iONTests;
			productReference = D082B33914380E5600612579 /* iONTests.octest */;
			productType = "com.apple.product-type.bundle";
		};
/* End PBXNativeTarget section */

/* Begin PBXProject section */
		D082B31214380E5500612579 /* Project object */ = {
			isa = PBXProject;
			buildConfigurationList = D082B31514380E5500612579 /* Build configuration list for PBXProject "iON" */;
			compatibilityVersion = "Xcode 3.2";
			developmentRegion = English;
			hasScannedForEncodings = 0;
			knownRegions = (
				en,
			);
			mainGroup = D082B31014380E5500612579;
			productRefGroup = D082B31C14380E5500612579 /* Products */;
			projectDirPath = "";
			projectRoot = "";
			targets = (
				D082B31A14380E5500612579 /* iON */,
				D082B33814380E5600612579 /* iONTests */,
			);
		};
/* End PBXProject section */

/* Begin PBXResourcesBuildPhase section */
		D082B31914380E5500612579 /* Resources */ = {
			isa = PBXResourcesBuildPhase;
			buildActionMask = 2147483647;
			files = (
				D082B32A14380E5500612579 /* InfoPlist.strings in Resources */,
				D082B33314380E5500612579 /* MainWindow.xib in Resources */,
				D082B35614380E9700612579 /* icon.png in Resources */,
				D07E2B6B14381103001F833C /* ic_launch.png in Resources */,
				D07E2B8214381271001F833C /* SDViewController.xib in Resources */,
				D07E2B88143812DE001F833C /* IONViewController.xib in Resources */,
				D07E2B8D14381315001F833C /* RemoteViewController.xib in Resources */,
				D07E2B9214381355001F833C /* SettingViewController.xib in Resources */,
				D07E2BA114381564001F833C /* tab_1_selected.png in Resources */,
				D07E2BA214381564001F833C /* tab_1.png in Resources */,
				D07E2BA314381564001F833C /* tab_2_selected.png in Resources */,
				D07E2BA414381564001F833C /* tab_2.png in Resources */,
				D07E2BA514381564001F833C /* tab_3_selected.png in Resources */,
				D07E2BA614381564001F833C /* tab_3.png in Resources */,
				D07E2BA714381564001F833C /* tab_4_selected.png in Resources */,
				D07E2BA814381564001F833C /* tab_4.png in Resources */,
				D07E2BA914381564001F833C /* tab_background.png in Resources */,
				D07E2BAA14381564001F833C /* tab_background@2x.png in Resources */,
				D07E2BB014383FD9001F833C /* SD_icon.png in Resources */,
				D07E2BB414384B97001F833C /* button_bg.png in Resources */,
				D07E2BB614384C2A001F833C /* button_selected_bg.png in Resources */,
				D07E2BC3143855C9001F833C /* Setting_icon.png in Resources */,
				D07E2BC4143855C9001F833C /* ION_icon.png in Resources */,
				D07E2BC5143855C9001F833C /* ION_icon2.png in Resources */,
				D07E2BC814385669001F833C /* Remote_icon.png in Resources */,
				D07E2BD114386020001F833C /* Trash_icon.png in Resources */,
				D07E2BD5143860DB001F833C /* Share_icon.png in Resources */,
				D07E2BDE14386E09001F833C /* prefViewController.xib in Resources */,
			);
			runOnlyForDeploymentPostprocessing = 0;
		};
		D082B33614380E5600612579 /* Resources */ = {
			isa = PBXResourcesBuildPhase;
			buildActionMask = 2147483647;
			files = (
				D082B34614380E5600612579 /* InfoPlist.strings in Resources */,
				D082B34814380E5600612579 /* iONTests.h in Resources */,
			);
			runOnlyForDeploymentPostprocessing = 0;
		};
/* End PBXResourcesBuildPhase section */

/* Begin PBXShellScriptBuildPhase section */
		D082B33714380E5600612579 /* ShellScript */ = {
			isa = PBXShellScriptBuildPhase;
			buildActionMask = 2147483647;
			files = (
			);
			inputPaths = (
			);
			outputPaths = (
			);
			runOnlyForDeploymentPostprocessing = 0;
			shellPath = /bin/sh;
			shellScript = "# Run the unit tests in this test bundle.\n\"${SYSTEM_DEVELOPER_DIR}/Tools/RunUnitTests\"\n";
		};
/* End PBXShellScriptBuildPhase section */

/* Begin PBXSourcesBuildPhase section */
		D082B31714380E5500612579 /* Sources */ = {
			isa = PBXSourcesBuildPhase;
			buildActionMask = 2147483647;
			files = (
				D082B32C14380E5500612579 /* main.m in Sources */,
				D082B33014380E5500612579 /* iONAppDelegate.m in Sources */,
				D07E2B7B143811B9001F833C /* CustomTabBar.m in Sources */,
				D07E2B7C143811B9001F833C /* CustomTabBarController.m in Sources */,
				D07E2B7D143811B9001F833C /* CustomTabBarItem.m in Sources */,
				D07E2B8114381271001F833C /* SDViewController.m in Sources */,
				D07E2B87143812DE001F833C /* IONViewController.m in Sources */,
				D07E2B8C14381315001F833C /* RemoteViewController.m in Sources */,
				D07E2B9114381355001F833C /* SettingViewController.m in Sources */,
				D07E2BDC14386DFB001F833C /* prefViewController.m in Sources */,
			);
			runOnlyForDeploymentPostprocessing = 0;
		};
		D082B33414380E5600612579 /* Sources */ = {
			isa = PBXSourcesBuildPhase;
			buildActionMask = 2147483647;
			files = (
				D082B34A14380E5600612579 /* iONTests.m in Sources */,
			);
			runOnlyForDeploymentPostprocessing = 0;
		};
/* End PBXSourcesBuildPhase section */

/* Begin PBXTargetDependency section */
		D082B34014380E5600612579 /* PBXTargetDependency */ = {
			isa = PBXTargetDependency;
			target = D082B31A14380E5500612579 /* iON */;
			targetProxy = D082B33F14380E5600612579 /* PBXContainerItemProxy */;
		};
/* End PBXTargetDependency section */

/* Begin PBXVariantGroup section */
		D082B32814380E5500612579 /* InfoPlist.strings */ = {
			isa = PBXVariantGroup;
			children = (
				D082B32914380E5500612579 /* en */,
			);
			name = InfoPlist.strings;
			sourceTree = "<group>";
		};
		D082B33114380E5500612579 /* MainWindow.xib */ = {
			isa = PBXVariantGroup;
			children = (
				D082B33214380E5500612579 /* en */,
			);
			name = MainWindow.xib;
			sourceTree = "<group>";
		};
		D082B34414380E5600612579 /* InfoPlist.strings */ = {
			isa = PBXVariantGroup;
			children = (
				D082B34514380E5600612579 /* en */,
			);
			name = InfoPlist.strings;
			sourceTree = "<group>";
		};
/* End PBXVariantGroup section */

/* Begin XCBuildConfiguration section */
		D082B34B14380E5600612579 /* Debug */ = {
			isa = XCBuildConfiguration;
			buildSettings = {
				ALWAYS_SEARCH_USER_PATHS = NO;
				ARCHS = "$(ARCHS_STANDARD_32_BIT)";
				"CODE_SIGN_IDENTITY[sdk=iphoneos*]" = "iPhone Developer";
				COPY_PHASE_STRIP = NO;
				GCC_C_LANGUAGE_STANDARD = gnu99;
				GCC_DYNAMIC_NO_PIC = NO;
				GCC_OPTIMIZATION_LEVEL = 0;
				GCC_PREPROCESSOR_DEFINITIONS = (
					"DEBUG=1",
					"$(inherited)",
				);
				GCC_SYMBOLS_PRIVATE_EXTERN = NO;
				GCC_VERSION = com.apple.compilers.llvmgcc42;
				GCC_WARN_ABOUT_MISSING_PROTOTYPES = YES;
				GCC_WARN_ABOUT_RETURN_TYPE = YES;
				GCC_WARN_UNUSED_VARIABLE = YES;
				IPHONEOS_DEPLOYMENT_TARGET = 4.3;
				SDKROOT = iphoneos;
			};
			name = Debug;
		};
		D082B34C14380E5600612579 /* Release */ = {
			isa = XCBuildConfiguration;
			buildSettings = {
				ALWAYS_SEARCH_USER_PATHS = NO;
				ARCHS = "$(ARCHS_STANDARD_32_BIT)";
				"CODE_SIGN_IDENTITY[sdk=iphoneos*]" = "iPhone Developer";
				COPY_PHASE_STRIP = YES;
				GCC_C_LANGUAGE_STANDARD = gnu99;
				GCC_VERSION = com.apple.compilers.llvmgcc42;
				GCC_WARN_ABOUT_MISSING_PROTOTYPES = YES;
				GCC_WARN_ABOUT_RETURN_TYPE = YES;
				GCC_WARN_UNUSED_VARIABLE = YES;
				IPHONEOS_DEPLOYMENT_TARGET = 4.3;
				OTHER_CFLAGS = "-DNS_BLOCK_ASSERTIONS=1";
				SDKROOT = iphoneos;
				VALIDATE_PRODUCT = YES;
			};
			name = Release;
		};
		D082B34E14380E5600612579 /* Debug */ = {
			isa = XCBuildConfiguration;
			buildSettings = {
				GCC_PRECOMPILE_PREFIX_HEADER = YES;
				GCC_PREFIX_HEADER = "iON/iON-Prefix.pch";
				INFOPLIST_FILE = "iON/iON-Info.plist";
				IPHONEOS_DEPLOYMENT_TARGET = 4.0;
				LIBRARY_SEARCH_PATHS = (
					"$(inherited)",
					"\"$(SRCROOT)\"",
				);
				PRODUCT_NAME = "$(TARGET_NAME)";
				WRAPPER_EXTENSION = app;
			};
			name = Debug;
		};
		D082B34F14380E5600612579 /* Release */ = {
			isa = XCBuildConfiguration;
			buildSettings = {
				GCC_PRECOMPILE_PREFIX_HEADER = YES;
				GCC_PREFIX_HEADER = "iON/iON-Prefix.pch";
				INFOPLIST_FILE = "iON/iON-Info.plist";
				IPHONEOS_DEPLOYMENT_TARGET = 4.0;
				LIBRARY_SEARCH_PATHS = (
					"$(inherited)",
					"\"$(SRCROOT)\"",
				);
				PRODUCT_NAME = "$(TARGET_NAME)";
				WRAPPER_EXTENSION = app;
			};
			name = Release;
		};
		D082B35114380E5600612579 /* Debug */ = {
			isa = XCBuildConfiguration;
			buildSettings = {
				BUNDLE_LOADER = "$(BUILT_PRODUCTS_DIR)/iON.app/iON";
				FRAMEWORK_SEARCH_PATHS = (
					"$(SDKROOT)/Developer/Library/Frameworks",
					"$(DEVELOPER_LIBRARY_DIR)/Frameworks",
				);
				GCC_PRECOMPILE_PREFIX_HEADER = YES;
				GCC_PREFIX_HEADER = "iON/iON-Prefix.pch";
				INFOPLIST_FILE = "iONTests/iONTests-Info.plist";
				PRODUCT_NAME = "$(TARGET_NAME)";
				TEST_HOST = "$(BUNDLE_LOADER)";
				WRAPPER_EXTENSION = octest;
			};
			name = Debug;
		};
		D082B35214380E5600612579 /* Release */ = {
			isa = XCBuildConfiguration;
			buildSettings = {
				BUNDLE_LOADER = "$(BUILT_PRODUCTS_DIR)/iON.app/iON";
				FRAMEWORK_SEARCH_PATHS = (
					"$(SDKROOT)/Developer/Library/Frameworks",
					"$(DEVELOPER_LIBRARY_DIR)/Frameworks",
				);
				GCC_PRECOMPILE_PREFIX_HEADER = YES;
				GCC_PREFIX_HEADER = "iON/iON-Prefix.pch";
				INFOPLIST_FILE = "iONTests/iONTests-Info.plist";
				PRODUCT_NAME = "$(TARGET_NAME)";
				TEST_HOST = "$(BUNDLE_LOADER)";
				WRAPPER_EXTENSION = octest;
			};
			name = Release;
		};
/* End XCBuildConfiguration section */

/* Begin XCConfigurationList section */
		D082B31514380E5500612579 /* Build configuration list for PBXProject "iON" */ = {
			isa = XCConfigurationList;
			buildConfigurations = (
				D082B34B14380E5600612579 /* Debug */,
				D082B34C14380E5600612579 /* Release */,
			);
			defaultConfigurationIsVisible = 0;
			defaultConfigurationName = Release;
		};
		D082B34D14380E5600612579 /* Build configuration list for PBXNativeTarget "iON" */ = {
			isa = XCConfigurationList;
			buildConfigurations = (
				D082B34E14380E5600612579 /* Debug */,
				D082B34F14380E5600612579 /* Release */,
			);
			defaultConfigurationIsVisible = 0;
			defaultConfigurationName = Release;
		};
		D082B35014380E5600612579 /* Build configuration list for PBXNativeTarget "iONTests" */ = {
			isa = XCConfigurationList;
			buildConfigurations = (
				D082B35114380E5600612579 /* Debug */,
				D082B35214380E5600612579 /* Release */,
			);
			defaultConfigurationIsVisible = 0;
			defaultConfigurationName = Release;
		};
/* End XCConfigurationList section */
	};
	rootObject = D082B31214380E5500612579 /* Project object */;
}
